
Microsoft Visual Studio Solution File, Format Version 12.00
# Visual Studio Version 16
VisualStudioVersion = 16.0.31702.278
MinimumVisualStudioVersion = 10.0.40219.1
Project("{FAE04EC0-301F-11D3-BF4B-00C04F79EFBC}") = "Fritz.ConsoleApp", "Fritz.ConsoleApp.csproj", "{8D162463-E9EB-4388-B3CB-F84E63821EDE}"
EndProject
Global
	GlobalSection(SolutionConfigurationPlatforms) = preSolution
		Debug|Any CPU = Debug|Any CPU
		Release|Any CPU = Release|Any CPU
	EndGlobalSection
	GlobalSection(ProjectConfigurationPlatforms) = postSolution
		{8D162463-E9EB-4388-B3CB-F84E63821EDE}.Debug|Any CPU.ActiveCfg = Debug|Any CPU
		{8D162463-E9EB-4388-B3CB-F84E63821EDE}.Debug|Any CPU.Build.0 = Debug|Any CPU
		{8D162463-E9EB-4388-B3CB-F84E63821EDE}.Release|Any CPU.ActiveCfg = Release|Any CPU
		{8D162463-E9EB-4388-B3CB-F84E63821EDE}.Release|Any CPU.Build.0 = Release|Any CPU
	EndGlobalSection
	GlobalSection(SolutionProperties) = preSolution
		HideSolutionNode = FALSE
	EndGlobalSection
	GlobalSection(ExtensibilityGlobals) = postSolution
		SolutionGuid = {294814BD-A918-45A7-87D1-8B2C59F323AC}
	EndGlobalSection
EndGlobal
